
Microsoft Visual Studio Solution File, Format Version 12.00
# Visual Studio 15
VisualStudioVersion = 15.0.28010.2048
MinimumVisualStudioVersion = 10.0.40219.1
Project("{8BC9CEB8-8B4A-11D0-8D11-00A0C91BC942}") = "2005_1", "c_test\c_test.vcxproj", "{64B6C336-E163-4BEE-A059-0F3A0707EAE7}"
EndProject
Project("{8BC9CEB8-8B4A-11D0-8D11-00A0C91BC942}") = "2006", "2015_2\2015_2.vcxproj", "{36889C79-79D7-473D-9A49-6184B4A1EA00}"
EndProject
Project("{8BC9CEB8-8B4A-11D0-8D11-00A0C91BC942}") = "2005_2", "2005_2\2005_2.vcxproj", "{B825EF55-3B58-46B5-9850-A1DC164D688B}"
EndProject
Project("{8BC9CEB8-8B4A-11D0-8D11-00A0C91BC942}") = "2007", "2007\2007.vcxproj", "{E73F9401-6329-415F-9036-D12AA104F8AB}"
EndProject
Project("{8BC9CEB8-8B4A-11D0-8D11-00A0C91BC942}") = "2008", "2008\2008.vcxproj", "{22061723-2BC0-44A5-849F-45257BBF0073}"
EndProject
Project("{8BC9CEB8-8B4A-11D0-8D11-00A0C91BC942}") = "2009", "2009\2009.vcxproj", "{20A7F1EB-31CA-405B-B7A8-EC2A4A458642}"
EndProject
Project("{8BC9CEB8-8B4A-11D0-8D11-00A0C91BC942}") = "2010", "2010\2010.vcxproj", "{90DBD262-B886-4B55-83A2-E7EC2A58880D}"
EndProject
Project("{8BC9CEB8-8B4A-11D0-8D11-00A0C91BC942}") = "2011", "2011\2011.vcxproj", "{60257CB3-1029-4425-B10D-DA38A078521A}"
EndProject
Project("{8BC9CEB8-8B4A-11D0-8D11-00A0C91BC942}") = "2012", "2012\2012.vcxproj", "{6E12522F-2EEC-4806-86BB-39620E9AA075}"
EndProject
Project("{8BC9CEB8-8B4A-11D0-8D11-00A0C91BC942}") = "2016", "2016\2016.vcxproj", "{FA189834-3C9C-4EEB-8E8C-308114F18384}"
EndProject
Project("{8BC9CEB8-8B4A-11D0-8D11-00A0C91BC942}") = "2017", "2017\2017.vcxproj", "{23EDF06D-AC22-4764-9DF7-7A436808B0B8}"
EndProject
Project("{8BC9CEB8-8B4A-11D0-8D11-00A0C91BC942}") = "test", "test\test.vcxproj", "{D6DFFCCB-17B0-45A6-96D6-E4B0532DD326}"
EndProject
Global
	GlobalSection(SolutionConfigurationPlatforms) = preSolution
		Debug|x64 = Debug|x64
		Debug|x86 = Debug|x86
		Release|x64 = Release|x64
		Release|x86 = Release|x86
	EndGlobalSection
	GlobalSection(ProjectConfigurationPlatforms) = postSolution
		{64B6C336-E163-4BEE-A059-0F3A0707EAE7}.Debug|x64.ActiveCfg = Debug|x64
		{64B6C336-E163-4BEE-A059-0F3A0707EAE7}.Debug|x64.Build.0 = Debug|x64
		{64B6C336-E163-4BEE-A059-0F3A0707EAE7}.Debug|x86.ActiveCfg = Debug|Win32
		{64B6C336-E163-4BEE-A059-0F3A0707EAE7}.Debug|x86.Build.0 = Debug|Win32
		{64B6C336-E163-4BEE-A059-0F3A0707EAE7}.Release|x64.ActiveCfg = Release|x64
		{64B6C336-E163-4BEE-A059-0F3A0707EAE7}.Release|x64.Build.0 = Release|x64
		{64B6C336-E163-4BEE-A059-0F3A0707EAE7}.Release|x86.ActiveCfg = Release|Win32
		{64B6C336-E163-4BEE-A059-0F3A0707EAE7}.Release|x86.Build.0 = Release|Win32
		{36889C79-79D7-473D-9A49-6184B4A1EA00}.Debug|x64.ActiveCfg = Debug|x64
		{36889C79-79D7-473D-9A49-6184B4A1EA00}.Debug|x64.Build.0 = Debug|x64
		{36889C79-79D7-473D-9A49-6184B4A1EA00}.Debug|x86.ActiveCfg = Debug|Win32
		{36889C79-79D7-473D-9A49-6184B4A1EA00}.Debug|x86.Build.0 = Debug|Win32
		{36889C79-79D7-473D-9A49-6184B4A1EA00}.Release|x64.ActiveCfg = Release|x64
		{36889C79-79D7-473D-9A49-6184B4A1EA00}.Release|x64.Build.0 = Release|x64
		{36889C79-79D7-473D-9A49-6184B4A1EA00}.Release|x86.ActiveCfg = Release|Win32
		{36889C79-79D7-473D-9A49-6184B4A1EA00}.Release|x86.Build.0 = Release|Win32
		{B825EF55-3B58-46B5-9850-A1DC164D688B}.Debug|x64.ActiveCfg = Debug|x64
		{B825EF55-3B58-46B5-9850-A1DC164D688B}.Debug|x64.Build.0 = Debug|x64
		{B825EF55-3B58-46B5-9850-A1DC164D688B}.Debug|x86.ActiveCfg = Debug|Win32
		{B825EF55-3B58-46B5-9850-A1DC164D688B}.Debug|x86.Build.0 = Debug|Win32
		{B825EF55-3B58-46B5-9850-A1DC164D688B}.Release|x64.ActiveCfg = Release|x64
		{B825EF55-3B58-46B5-9850-A1DC164D688B}.Release|x64.Build.0 = Release|x64
		{B825EF55-3B58-46B5-9850-A1DC164D688B}.Release|x86.ActiveCfg = Release|Win32
		{B825EF55-3B58-46B5-9850-A1DC164D688B}.Release|x86.Build.0 = Release|Win32
		{E73F9401-6329-415F-9036-D12AA104F8AB}.Debug|x64.ActiveCfg = Debug|x64
		{E73F9401-6329-415F-9036-D12AA104F8AB}.Debug|x64.Build.0 = Debug|x64
		{E73F9401-6329-415F-9036-D12AA104F8AB}.Debug|x86.ActiveCfg = Debug|Win32
		{E73F9401-6329-415F-9036-D12AA104F8AB}.Debug|x86.Build.0 = Debug|Win32
		{E73F9401-6329-415F-9036-D12AA104F8AB}.Release|x64.ActiveCfg = Release|x64
		{E73F9401-6329-415F-9036-D12AA104F8AB}.Release|x64.Build.0 = Release|x64
		{E73F9401-6329-415F-9036-D12AA104F8AB}.Release|x86.ActiveCfg = Release|Win32
		{E73F9401-6329-415F-9036-D12AA104F8AB}.Release|x86.Build.0 = Release|Win32
		{22061723-2BC0-44A5-849F-45257BBF0073}.Debug|x64.ActiveCfg = Debug|x64
		{22061723-2BC0-44A5-849F-45257BBF0073}.Debug|x64.Build.0 = Debug|x64
		{22061723-2BC0-44A5-849F-45257BBF0073}.Debug|x86.ActiveCfg = Debug|Win32
		{22061723-2BC0-44A5-849F-45257BBF0073}.Debug|x86.Build.0 = Debug|Win32
		{22061723-2BC0-44A5-849F-45257BBF0073}.Release|x64.ActiveCfg = Release|x64
		{22061723-2BC0-44A5-849F-45257BBF0073}.Release|x64.Build.0 = Release|x64
		{22061723-2BC0-44A5-849F-45257BBF0073}.Release|x86.ActiveCfg = Release|Win32
		{22061723-2BC0-44A5-849F-45257BBF0073}.Release|x86.Build.0 = Release|Win32
		{20A7F1EB-31CA-405B-B7A8-EC2A4A458642}.Debug|x64.ActiveCfg = Debug|x64
		{20A7F1EB-31CA-405B-B7A8-EC2A4A458642}.Debug|x64.Build.0 = Debug|x64
		{20A7F1EB-31CA-405B-B7A8-EC2A4A458642}.Debug|x86.ActiveCfg = Debug|Win32
		{20A7F1EB-31CA-405B-B7A8-EC2A4A458642}.Debug|x86.Build.0 = Debug|Win32
		{20A7F1EB-31CA-405B-B7A8-EC2A4A458642}.Release|x64.ActiveCfg = Release|x64
		{20A7F1EB-31CA-405B-B7A8-EC2A4A458642}.Release|x64.Build.0 = Release|x64
		{20A7F1EB-31CA-405B-B7A8-EC2A4A458642}.Release|x86.ActiveCfg = Release|Win32
		{20A7F1EB-31CA-405B-B7A8-EC2A4A458642}.Release|x86.Build.0 = Release|Win32
		{90DBD262-B886-4B55-83A2-E7EC2A58880D}.Debug|x64.ActiveCfg = Debug|x64
		{90DBD262-B886-4B55-83A2-E7EC2A58880D}.Debug|x64.Build.0 = Debug|x64
		{90DBD262-B886-4B55-83A2-E7EC2A58880D}.Debug|x86.ActiveCfg = Debug|Win32
		{90DBD262-B886-4B55-83A2-E7EC2A58880D}.Debug|x86.Build.0 = Debug|Win32
		{90DBD262-B886-4B55-83A2-E7EC2A58880D}.Release|x64.ActiveCfg = Release|x64
		{90DBD262-B886-4B55-83A2-E7EC2A58880D}.Release|x64.Build.0 = Release|x64
		{90DBD262-B886-4B55-83A2-E7EC2A58880D}.Release|x86.ActiveCfg = Release|Win32
		{90DBD262-B886-4B55-83A2-E7EC2A58880D}.Release|x86.Build.0 = Release|Win32
		{60257CB3-1029-4425-B10D-DA38A078521A}.Debug|x64.ActiveCfg = Debug|x64
		{60257CB3-1029-4425-B10D-DA38A078521A}.Debug|x64.Build.0 = Debug|x64
		{60257CB3-1029-4425-B10D-DA38A078521A}.Debug|x86.ActiveCfg = Debug|Win32
		{60257CB3-1029-4425-B10D-DA38A078521A}.Debug|x86.Build.0 = Debug|Win32
		{60257CB3-1029-4425-B10D-DA38A078521A}.Release|x64.ActiveCfg = Release|x64
		{60257CB3-1029-4425-B10D-DA38A078521A}.Release|x64.Build.0 = Release|x64
		{60257CB3-1029-4425-B10D-DA38A078521A}.Release|x86.ActiveCfg = Release|Win32
		{60257CB3-1029-4425-B10D-DA38A078521A}.Release|x86.Build.0 = Release|Win32
		{6E12522F-2EEC-4806-86BB-39620E9AA075}.Debug|x64.ActiveCfg = Debug|x64
		{6E12522F-2EEC-4806-86BB-39620E9AA075}.Debug|x64.Build.0 = Debug|x64
		{6E12522F-2EEC-4806-86BB-39620E9AA075}.Debug|x86.ActiveCfg = Debug|Win32
		{6E12522F-2EEC-4806-86BB-39620E9AA075}.Debug|x86.Build.0 = Debug|Win32
		{6E12522F-2EEC-4806-86BB-39620E9AA075}.Release|x64.ActiveCfg = Release|x64
		{6E12522F-2EEC-4806-86BB-39620E9AA075}.Release|x64.Build.0 = Release|x64
		{6E12522F-2EEC-4806-86BB-39620E9AA075}.Release|x86.ActiveCfg = Release|Win32
		{6E12522F-2EEC-4806-86BB-39620E9AA075}.Release|x86.Build.0 = Release|Win32
		{FA189834-3C9C-4EEB-8E8C-308114F18384}.Debug|x64.ActiveCfg = Debug|x64
		{FA189834-3C9C-4EEB-8E8C-308114F18384}.Debug|x64.Build.0 = Debug|x64
		{FA189834-3C9C-4EEB-8E8C-308114F18384}.Debug|x86.ActiveCfg = Debug|Win32
		{FA189834-3C9C-4EEB-8E8C-308114F18384}.Debug|x86.Build.0 = Debug|Win32
		{FA189834-3C9C-4EEB-8E8C-308114F18384}.Release|x64.ActiveCfg = Release|x64
		{FA189834-3C9C-4EEB-8E8C-308114F18384}.Release|x64.Build.0 = Release|x64
		{FA189834-3C9C-4EEB-8E8C-308114F18384}.Release|x86.ActiveCfg = Release|Win32
		{FA189834-3C9C-4EEB-8E8C-308114F18384}.Release|x86.Build.0 = Release|Win32
		{23EDF06D-AC22-4764-9DF7-7A436808B0B8}.Debug|x64.ActiveCfg = Debug|x64
		{23EDF06D-AC22-4764-9DF7-7A436808B0B8}.Debug|x64.Build.0 = Debug|x64
		{23EDF06D-AC22-4764-9DF7-7A436808B0B8}.Debug|x86.ActiveCfg = Debug|Win32
		{23EDF06D-AC22-4764-9DF7-7A436808B0B8}.Debug|x86.Build.0 = Debug|Win32
		{23EDF06D-AC22-4764-9DF7-7A436808B0B8}.Release|x64.ActiveCfg = Release|x64
		{23EDF06D-AC22-4764-9DF7-7A436808B0B8}.Release|x64.Build.0 = Release|x64
		{23EDF06D-AC22-4764-9DF7-7A436808B0B8}.Release|x86.ActiveCfg = Release|Win32
		{23EDF06D-AC22-4764-9DF7-7A436808B0B8}.Release|x86.Build.0 = Release|Win32
		{D6DFFCCB-17B0-45A6-96D6-E4B0532DD326}.Debug|x64.ActiveCfg = Debug|x64
		{D6DFFCCB-17B0-45A6-96D6-E4B0532DD326}.Debug|x64.Build.0 = Debug|x64
		{D6DFFCCB-17B0-45A6-96D6-E4B0532DD326}.Debug|x86.ActiveCfg = Debug|Win32
		{D6DFFCCB-17B0-45A6-96D6-E4B0532DD326}.Debug|x86.Build.0 = Debug|Win32
		{D6DFFCCB-17B0-45A6-96D6-E4B0532DD326}.Release|x64.ActiveCfg = Release|x64
		{D6DFFCCB-17B0-45A6-96D6-E4B0532DD326}.Release|x64.Build.0 = Release|x64
		{D6DFFCCB-17B0-45A6-96D6-E4B0532DD326}.Release|x86.ActiveCfg = Release|Win32
		{D6DFFCCB-17B0-45A6-96D6-E4B0532DD326}.Release|x86.Build.0 = Release|Win32
	EndGlobalSection
	GlobalSection(SolutionProperties) = preSolution
		HideSolutionNode = FALSE
	EndGlobalSection
	GlobalSection(ExtensibilityGlobals) = postSolution
		SolutionGuid = {682CB99C-A162-4F2C-A73C-D2B291B23FE1}
	EndGlobalSection
EndGlobal
